
Microsoft Visual Studio Solution File, Format Version 12.00
# Visual Studio Version 17
VisualStudioVersion = 17.5.33516.290
MinimumVisualStudioVersion = 10.0.40219.1
Project("{9A19103F-16F7-4668-BE54-9A1E7A4F7556}") = "ControleDeFuncionarios", "ControleDeFuncionarios.csproj", "{588E816C-74AE-47D9-9896-1D14ECF601BF}"
EndProject
Project("{FAE04EC0-301F-11D3-BF4B-00C04F79EFBC}") = "Dominio", "..\Dominio\Dominio.csproj", "{5EC7ADBF-7D54-4C6A-BCCB-825311A295A2}"
EndProject
Project("{FAE04EC0-301F-11D3-BF4B-00C04F79EFBC}") = "Infraestrutura", "..\Infraestrutura\Infraestrutura.csproj", "{054FE371-F52A-4417-9809-FF0DBF07381F}"
EndProject
Global
	GlobalSection(SolutionConfigurationPlatforms) = preSolution
		Debug|Any CPU = Debug|Any CPU
		Release|Any CPU = Release|Any CPU
	EndGlobalSection
	GlobalSection(ProjectConfigurationPlatforms) = postSolution
		{588E816C-74AE-47D9-9896-1D14ECF601BF}.Debug|Any CPU.ActiveCfg = Debug|Any CPU
		{588E816C-74AE-47D9-9896-1D14ECF601BF}.Debug|Any CPU.Build.0 = Debug|Any CPU
		{588E816C-74AE-47D9-9896-1D14ECF601BF}.Release|Any CPU.ActiveCfg = Release|Any CPU
		{588E816C-74AE-47D9-9896-1D14ECF601BF}.Release|Any CPU.Build.0 = Release|Any CPU
		{5EC7ADBF-7D54-4C6A-BCCB-825311A295A2}.Debug|Any CPU.ActiveCfg = Debug|Any CPU
		{5EC7ADBF-7D54-4C6A-BCCB-825311A295A2}.Debug|Any CPU.Build.0 = Debug|Any CPU
		{5EC7ADBF-7D54-4C6A-BCCB-825311A295A2}.Release|Any CPU.ActiveCfg = Release|Any CPU
		{5EC7ADBF-7D54-4C6A-BCCB-825311A295A2}.Release|Any CPU.Build.0 = Release|Any CPU
		{054FE371-F52A-4417-9809-FF0DBF07381F}.Debug|Any CPU.ActiveCfg = Debug|Any CPU
		{054FE371-F52A-4417-9809-FF0DBF07381F}.Debug|Any CPU.Build.0 = Debug|Any CPU
		{054FE371-F52A-4417-9809-FF0DBF07381F}.Release|Any CPU.ActiveCfg = Release|Any CPU
		{054FE371-F52A-4417-9809-FF0DBF07381F}.Release|Any CPU.Build.0 = Release|Any CPU
	EndGlobalSection
	GlobalSection(SolutionProperties) = preSolution
		HideSolutionNode = FALSE
	EndGlobalSection
	GlobalSection(ExtensibilityGlobals) = postSolution
		SolutionGuid = {D019876C-92DD-4270-AC0A-0F06BD1A694A}
	EndGlobalSection
EndGlobal
